{
  "version": 4,
  "terraform_version": "1.8.5",
  "serial": 166,
  "lineage": "1ecab14d-e4d3-e25b-5ef1-2898485f5618",
  "outputs": {
    "admin_users_with_assumed_roles": {
      "value": {
        "elio@sre.is": {
          "AssumedRoleArn": "arn:aws:sts::885015629014:assumed-role/AWSReservedSSO_AWSAdministratorAccess_377b9231c1045730/elio@sre.is",
          "DisplayName": "Elio Severo",
          "Emails": [
            {
              "Primary": true,
              "Type": "work",
              "Value": "elio@sre.is"
            }
          ],
          "IdentityStoreId": "d-9067bba52f",
          "Name": {
            "FamilyName": "Severo",
            "GivenName": "Elio"
          },
          "UserId": "d438d418-e0f1-7066-461b-a7127e498412",
          "UserName": "elio@sre.is"
        },
        "josebiro@sre.is": {
          "AssumedRoleArn": "arn:aws:sts::885015629014:assumed-role/AWSReservedSSO_AWSAdministratorAccess_377b9231c1045730/josebiro@sre.is",
          "DisplayName": "Joseph Bironas",
          "Emails": [
            {
              "Value": "josebiro@sre.is"
            }
          ],
          "IdentityStoreId": "d-9067bba52f",
          "Name": {
            "FamilyName": "Bironas",
            "GivenName": "Joseph"
          },
          "Title": "CTO",
          "UserId": "f4288498-b081-70e2-44eb-e8534e070714",
          "UserName": "josebiro@sre.is",
          "UserType": "Control Tower Admin"
        },
        "tdeburca@sre.is": {
          "AssumedRoleArn": "arn:aws:sts::885015629014:assumed-role/AWSReservedSSO_AWSAdministratorAccess_377b9231c1045730/tdeburca@sre.is",
          "DisplayName": "Tiarnán De Burca",
          "Emails": [
            {
              "Primary": true,
              "Type": "work",
              "Value": "tdeburca@sre.is"
            }
          ],
          "IdentityStoreId": "d-9067bba52f",
          "Name": {
            "FamilyName": "De Burca",
            "GivenName": "Tiarnán"
          },
          "UserId": "54081458-00e1-708e-4bb2-dc98a16a45ec",
          "UserName": "tdeburca@sre.is"
        }
      },
      "type": [
        "object",
        {
          "elio@sre.is": [
            "object",
            {
              "AssumedRoleArn": "string",
              "DisplayName": "string",
              "Emails": [
                "tuple",
                [
                  [
                    "object",
                    {
                      "Primary": "bool",
                      "Type": "string",
                      "Value": "string"
                    }
                  ]
                ]
              ],
              "IdentityStoreId": "string",
              "Name": [
                "object",
                {
                  "FamilyName": "string",
                  "GivenName": "string"
                }
              ],
              "UserId": "string",
              "UserName": "string"
            }
          ],
          "josebiro@sre.is": [
            "object",
            {
              "AssumedRoleArn": "string",
              "DisplayName": "string",
              "Emails": [
                "tuple",
                [
                  [
                    "object",
                    {
                      "Value": "string"
                    }
                  ]
                ]
              ],
              "IdentityStoreId": "string",
              "Name": [
                "object",
                {
                  "FamilyName": "string",
                  "GivenName": "string"
                }
              ],
              "Title": "string",
              "UserId": "string",
              "UserName": "string",
              "UserType": "string"
            }
          ],
          "tdeburca@sre.is": [
            "object",
            {
              "AssumedRoleArn": "string",
              "DisplayName": "string",
              "Emails": [
                "tuple",
                [
                  [
                    "object",
                    {
                      "Primary": "bool",
                      "Type": "string",
                      "Value": "string"
                    }
                  ]
                ]
              ],
              "IdentityStoreId": "string",
              "Name": [
                "object",
                {
                  "FamilyName": "string",
                  "GivenName": "string"
                }
              ],
              "UserId": "string",
              "UserName": "string"
            }
          ]
        }
      ]
    },
    "assumed_role_admin_map": {
      "value": {
        "AWSReservedSSO_AWSAdministratorAccess_377b9231c1045730": "arn:aws:sts::885015629014:assumed-role/AWSReservedSSO_AWSAdministratorAccess_377b9231c1045730"
      },
      "type": [
        "object",
        {
          "AWSReservedSSO_AWSAdministratorAccess_377b9231c1045730": "string"
        }
      ]
    },
    "aws_iam_roles_admins": {
      "value": [
        "arn:aws:iam::885015629014:role/AWSReservedSSO_AWSAdministratorAccess_377b9231c1045730",
        "arn:aws:iam::885015629014:role/GitHubOrganizationAccountAssumeRole",
        "arn:aws:iam::885015629014:role/OrganizationAccountAccessRole"
      ],
      "type": [
        "list",
        "string"
      ]
    },
    "aws_iam_roles_powerusers": {
      "value": [
        "arn:aws:iam::885015629014:role/AWSReservedSSO_AWSPowerUserAccess_86cb32f9bfcae02a"
      ],
      "type": [
        "list",
        "string"
      ]
    },
    "aws_sso_users_by_groups": {
      "value": {
        "AWSAdmins": {
          "elio@sre.is": {
            "DisplayName": "Elio Severo",
            "Emails": [
              {
                "Primary": true,
                "Type": "work",
                "Value": "elio@sre.is"
              }
            ],
            "IdentityStoreId": "d-9067bba52f",
            "Name": {
              "FamilyName": "Severo",
              "GivenName": "Elio"
            },
            "UserId": "d438d418-e0f1-7066-461b-a7127e498412",
            "UserName": "elio@sre.is"
          },
          "josebiro@sre.is": {
            "DisplayName": "Joseph Bironas",
            "Emails": [
              {
                "Value": "josebiro@sre.is"
              }
            ],
            "IdentityStoreId": "d-9067bba52f",
            "Name": {
              "FamilyName": "Bironas",
              "GivenName": "Joseph"
            },
            "Title": "CTO",
            "UserId": "f4288498-b081-70e2-44eb-e8534e070714",
            "UserName": "josebiro@sre.is",
            "UserType": "Control Tower Admin"
          },
          "tdeburca@sre.is": {
            "DisplayName": "Tiarnán De Burca",
            "Emails": [
              {
                "Primary": true,
                "Type": "work",
                "Value": "tdeburca@sre.is"
              }
            ],
            "IdentityStoreId": "d-9067bba52f",
            "Name": {
              "FamilyName": "De Burca",
              "GivenName": "Tiarnán"
            },
            "UserId": "54081458-00e1-708e-4bb2-dc98a16a45ec",
            "UserName": "tdeburca@sre.is"
          }
        },
        "AWSPowerUsers": {
          "caio@sre.is": {
            "DisplayName": "Caio Silva",
            "Emails": [
              {
                "Primary": true,
                "Type": "work",
                "Value": "caio@sre.is"
              }
            ],
            "IdentityStoreId": "d-9067bba52f",
            "Name": {
              "FamilyName": "Silva",
              "GivenName": "Caio"
            },
            "UserId": "64b81448-80f1-7092-2022-7d7fa3755c78",
            "UserName": "caio@sre.is"
          },
          "elio@sre.is": {
            "DisplayName": "Elio Severo",
            "Emails": [
              {
                "Primary": true,
                "Type": "work",
                "Value": "elio@sre.is"
              }
            ],
            "IdentityStoreId": "d-9067bba52f",
            "Name": {
              "FamilyName": "Severo",
              "GivenName": "Elio"
            },
            "UserId": "d438d418-e0f1-7066-461b-a7127e498412",
            "UserName": "elio@sre.is"
          },
          "joao@sre.is": {
            "DisplayName": "João Amorim",
            "Emails": [
              {
                "Primary": true,
                "Type": "work",
                "Value": "joao@sre.is"
              }
            ],
            "IdentityStoreId": "d-9067bba52f",
            "Name": {
              "FamilyName": "Amorim",
              "GivenName": "João"
            },
            "UserId": "a448e448-9021-7069-ace0-5da59e13d284",
            "UserName": "joao@sre.is"
          },
          "josebiro@sre.is": {
            "DisplayName": "Joseph Bironas",
            "Emails": [
              {
                "Value": "josebiro@sre.is"
              }
            ],
            "IdentityStoreId": "d-9067bba52f",
            "Name": {
              "FamilyName": "Bironas",
              "GivenName": "Joseph"
            },
            "Title": "CTO",
            "UserId": "f4288498-b081-70e2-44eb-e8534e070714",
            "UserName": "josebiro@sre.is",
            "UserType": "Control Tower Admin"
          },
          "justin.abrahms@sre.is": {
            "DisplayName": "Justin Abrahms",
            "Emails": [
              {
                "Primary": true,
                "Type": "work",
                "Value": "justin.abrahms@sre.is"
              }
            ],
            "IdentityStoreId": "d-9067bba52f",
            "Name": {
              "FamilyName": "Abrahms",
              "GivenName": "Justin"
            },
            "UserId": "54b8c4a8-50b1-708f-bba7-ce40bf807690",
            "UserName": "justin.abrahms@sre.is"
          },
          "laura@sre.is": {
            "DisplayName": "Laura Nolan",
            "Emails": [
              {
                "Primary": true,
                "Type": "work",
                "Value": "laura@sre.is"
              }
            ],
            "IdentityStoreId": "d-9067bba52f",
            "Name": {
              "FamilyName": "Nolan",
              "GivenName": "Laura"
            },
            "UserId": "74284498-40f1-70c4-9153-a28913632ce8",
            "UserName": "laura@sre.is"
          },
          "miguel@sre.is": {
            "DisplayName": "Miguel San Juan",
            "Emails": [
              {
                "Primary": true,
                "Type": "work",
                "Value": "miguel@sre.is"
              }
            ],
            "IdentityStoreId": "d-9067bba52f",
            "Name": {
              "FamilyName": "San Juan",
              "GivenName": "Miguel"
            },
            "UserId": "c4b8b428-00c1-70a0-d547-a02701973d2d",
            "UserName": "miguel@sre.is"
          },
          "nathan.barlow@sre.is": {
            "DisplayName": "Nathan Barlow",
            "Emails": [
              {
                "Primary": true,
                "Type": "work",
                "Value": "nathan.barlow@sre.is"
              }
            ],
            "IdentityStoreId": "d-9067bba52f",
            "Name": {
              "FamilyName": "Barlow",
              "GivenName": "Nathan"
            },
            "UserId": "24e874a8-e0a1-703d-07cd-4fb41a6b12cb",
            "UserName": "nathan.barlow@sre.is"
          },
          "niallm@sre.is": {
            "DisplayName": "Niall Murphy",
            "Emails": [
              {
                "Primary": true,
                "Type": "work",
                "Value": "niallm@sre.is"
              }
            ],
            "IdentityStoreId": "d-9067bba52f",
            "Name": {
              "FamilyName": "Murphy",
              "GivenName": "Niall"
            },
            "UserId": "94381458-b041-7038-ccfa-aac9833ae798",
            "UserName": "niallm@sre.is"
          }
        }
      },
      "type": [
        "object",
        {
          "AWSAdmins": [
            "object",
            {
              "elio@sre.is": [
                "object",
                {
                  "DisplayName": "string",
                  "Emails": [
                    "tuple",
                    [
                      [
                        "object",
                        {
                          "Primary": "bool",
                          "Type": "string",
                          "Value": "string"
                        }
                      ]
                    ]
                  ],
                  "IdentityStoreId": "string",
                  "Name": [
                    "object",
                    {
                      "FamilyName": "string",
                      "GivenName": "string"
                    }
                  ],
                  "UserId": "string",
                  "UserName": "string"
                }
              ],
              "josebiro@sre.is": [
                "object",
                {
                  "DisplayName": "string",
                  "Emails": [
                    "tuple",
                    [
                      [
                        "object",
                        {
                          "Value": "string"
                        }
                      ]
                    ]
                  ],
                  "IdentityStoreId": "string",
                  "Name": [
                    "object",
                    {
                      "FamilyName": "string",
                      "GivenName": "string"
                    }
                  ],
                  "Title": "string",
                  "UserId": "string",
                  "UserName": "string",
                  "UserType": "string"
                }
              ],
              "tdeburca@sre.is": [
                "object",
                {
                  "DisplayName": "string",
                  "Emails": [
                    "tuple",
                    [
                      [
                        "object",
                        {
                          "Primary": "bool",
                          "Type": "string",
                          "Value": "string"
                        }
                      ]
                    ]
                  ],
                  "IdentityStoreId": "string",
                  "Name": [
                    "object",
                    {
                      "FamilyName": "string",
                      "GivenName": "string"
                    }
                  ],
                  "UserId": "string",
                  "UserName": "string"
                }
              ]
            }
          ],
          "AWSPowerUsers": [
            "object",
            {
              "caio@sre.is": [
                "object",
                {
                  "DisplayName": "string",
                  "Emails": [
                    "tuple",
                    [
                      [
                        "object",
                        {
                          "Primary": "bool",
                          "Type": "string",
                          "Value": "string"
                        }
                      ]
                    ]
                  ],
                  "IdentityStoreId": "string",
                  "Name": [
                    "object",
                    {
                      "FamilyName": "string",
                      "GivenName": "string"
                    }
                  ],
                  "UserId": "string",
                  "UserName": "string"
                }
              ],
              "elio@sre.is": [
                "object",
                {
                  "DisplayName": "string",
                  "Emails": [
                    "tuple",
                    [
                      [
                        "object",
                        {
                          "Primary": "bool",
                          "Type": "string",
                          "Value": "string"
                        }
                      ]
                    ]
                  ],
                  "IdentityStoreId": "string",
                  "Name": [
                    "object",
                    {
                      "FamilyName": "string",
                      "GivenName": "string"
                    }
                  ],
                  "UserId": "string",
                  "UserName": "string"
                }
              ],
              "joao@sre.is": [
                "object",
                {
                  "DisplayName": "string",
                  "Emails": [
                    "tuple",
                    [
                      [
                        "object",
                        {
                          "Primary": "bool",
                          "Type": "string",
                          "Value": "string"
                        }
                      ]
                    ]
                  ],
                  "IdentityStoreId": "string",
                  "Name": [
                    "object",
                    {
                      "FamilyName": "string",
                      "GivenName": "string"
                    }
                  ],
                  "UserId": "string",
                  "UserName": "string"
                }
              ],
              "josebiro@sre.is": [
                "object",
                {
                  "DisplayName": "string",
                  "Emails": [
                    "tuple",
                    [
                      [
                        "object",
                        {
                          "Value": "string"
                        }
                      ]
                    ]
                  ],
                  "IdentityStoreId": "string",
                  "Name": [
                    "object",
                    {
                      "FamilyName": "string",
                      "GivenName": "string"
                    }
                  ],
                  "Title": "string",
                  "UserId": "string",
                  "UserName": "string",
                  "UserType": "string"
                }
              ],
              "justin.abrahms@sre.is": [
                "object",
                {
                  "DisplayName": "string",
                  "Emails": [
                    "tuple",
                    [
                      [
                        "object",
                        {
                          "Primary": "bool",
                          "Type": "string",
                          "Value": "string"
                        }
                      ]
                    ]
                  ],
                  "IdentityStoreId": "string",
                  "Name": [
                    "object",
                    {
                      "FamilyName": "string",
                      "GivenName": "string"
                    }
                  ],
                  "UserId": "string",
                  "UserName": "string"
                }
              ],
              "laura@sre.is": [
                "object",
                {
                  "DisplayName": "string",
                  "Emails": [
                    "tuple",
                    [
                      [
                        "object",
                        {
                          "Primary": "bool",
                          "Type": "string",
                          "Value": "string"
                        }
                      ]
                    ]
                  ],
                  "IdentityStoreId": "string",
                  "Name": [
                    "object",
                    {
                      "FamilyName": "string",
                      "GivenName": "string"
                    }
                  ],
                  "UserId": "string",
                  "UserName": "string"
                }
              ],
              "miguel@sre.is": [
                "object",
                {
                  "DisplayName": "string",
                  "Emails": [
                    "tuple",
                    [
                      [
                        "object",
                        {
                          "Primary": "bool",
                          "Type": "string",
                          "Value": "string"
                        }
                      ]
                    ]
                  ],
                  "IdentityStoreId": "string",
                  "Name": [
                    "object",
                    {
                      "FamilyName": "string",
                      "GivenName": "string"
                    }
                  ],
                  "UserId": "string",
                  "UserName": "string"
                }
              ],
              "nathan.barlow@sre.is": [
                "object",
                {
                  "DisplayName": "string",
                  "Emails": [
                    "tuple",
                    [
                      [
                        "object",
                        {
                          "Primary": "bool",
                          "Type": "string",
                          "Value": "string"
                        }
                      ]
                    ]
                  ],
                  "IdentityStoreId": "string",
                  "Name": [
                    "object",
                    {
                      "FamilyName": "string",
                      "GivenName": "string"
                    }
                  ],
                  "UserId": "string",
                  "UserName": "string"
                }
              ],
              "niallm@sre.is": [
                "object",
                {
                  "DisplayName": "string",
                  "Emails": [
                    "tuple",
                    [
                      [
                        "object",
                        {
                          "Primary": "bool",
                          "Type": "string",
                          "Value": "string"
                        }
                      ]
                    ]
                  ],
                  "IdentityStoreId": "string",
                  "Name": [
                    "object",
                    {
                      "FamilyName": "string",
                      "GivenName": "string"
                    }
                  ],
                  "UserId": "string",
                  "UserName": "string"
                }
              ]
            }
          ]
        }
      ]
    },
    "sops_kms_key": {
      "value": "7d8da618-748f-4511-9740-e8e4079747a5",
      "type": "string"
    },
    "sops_kms_role": {
      "value": "arn:aws:iam::885015629014:role/KMSDecryptRole",
      "type": "string"
    }
  },
  "resources": [
    {
      "mode": "data",
      "type": "aws_caller_identity",
      "name": "current",
      "provider": "provider[\"registry.terraform.io/hashicorp/aws\"]",
      "instances": [
        {
          "schema_version": 0,
          "attributes": {
            "account_id": "885015629014",
            "arn": "arn:aws:sts::885015629014:assumed-role/AWSReservedSSO_AWSAdministratorAccess_377b9231c1045730/elio@sre.is",
            "id": "885015629014",
            "user_id": "AROA44DYKZTLOK4UH4GSU:elio@sre.is"
          },
          "sensitive_attributes": []
        }
      ]
    },
    {
      "mode": "data",
      "type": "aws_iam_roles",
      "name": "admin",
      "provider": "provider[\"registry.terraform.io/hashicorp/aws\"]",
      "instances": [
        {
          "schema_version": 0,
          "attributes": {
            "arns": [
              "arn:aws:iam::885015629014:role/aws-reserved/sso.amazonaws.com/AWSReservedSSO_AWSAdministratorAccess_377b9231c1045730"
            ],
            "id": "us-east-2",
            "name_regex": "AWSReservedSSO_AWSAdministratorAccess_.*",
            "names": [
              "AWSReservedSSO_AWSAdministratorAccess_377b9231c1045730"
            ],
            "path_prefix": "/aws-reserved/sso.amazonaws.com/"
          },
          "sensitive_attributes": []
        }
      ]
    },
    {
      "mode": "data",
      "type": "aws_iam_roles",
      "name": "automation",
      "provider": "provider[\"registry.terraform.io/hashicorp/aws\"]",
      "instances": [
        {
          "schema_version": 0,
          "attributes": {
            "arns": [
              "arn:aws:iam::885015629014:role/GitHubOrganizationAccountAssumeRole",
              "arn:aws:iam::885015629014:role/OrganizationAccountAccessRole"
            ],
            "id": "us-east-2",
            "name_regex": "GitHubOrganizationAccountAssumeRole|OrganizationAccountAccessRole",
            "names": [
              "GitHubOrganizationAccountAssumeRole",
              "OrganizationAccountAccessRole"
            ],
            "path_prefix": null
          },
          "sensitive_attributes": []
        }
      ]
    },
    {
      "mode": "data",
      "type": "aws_iam_roles",
      "name": "poweruser",
      "provider": "provider[\"registry.terraform.io/hashicorp/aws\"]",
      "instances": [
        {
          "schema_version": 0,
          "attributes": {
            "arns": [
              "arn:aws:iam::885015629014:role/aws-reserved/sso.amazonaws.com/AWSReservedSSO_AWSPowerUserAccess_86cb32f9bfcae02a"
            ],
            "id": "us-east-2",
            "name_regex": "AWSReservedSSO_AWSPowerUserAccess_.*",
            "names": [
              "AWSReservedSSO_AWSPowerUserAccess_86cb32f9bfcae02a"
            ],
            "path_prefix": "/aws-reserved/sso.amazonaws.com/"
          },
          "sensitive_attributes": []
        }
      ]
    },
    {
      "mode": "data",
      "type": "aws_identitystore_groups",
      "name": "groups",
      "provider": "provider[\"registry.terraform.io/hashicorp/aws\"].identitystore",
      "instances": [
        {
          "schema_version": 0,
          "attributes": {
            "groups": [
              {
                "description": "Read-only access to log archive account",
                "display_name": "AWSLogArchiveViewers",
                "external_ids": null,
                "group_id": "d43814e8-0071-70a7-e35a-86317891bd7b",
                "identity_store_id": "d-9067bba52f"
              },
              {
                "description": "Read-only access to all accounts for security audits",
                "display_name": "AWSSecurityAuditors",
                "external_ids": null,
                "group_id": "b4d884e8-d001-70dd-020d-ae4ccc3460f4",
                "identity_store_id": "d-9067bba52f"
              },
              {
                "description": "Power user access to all accounts for security audits",
                "display_name": "AWSSecurityAuditPowerUsers",
                "external_ids": null,
                "group_id": "74e864d8-1031-702d-1e7c-af41c9814468",
                "identity_store_id": "d-9067bba52f"
              },
              {
                "description": "Read-only access to account factory in AWS Service Catalog for end users",
                "display_name": "AWSAccountFactory",
                "external_ids": null,
                "group_id": "c4c84498-b091-70eb-3d23-eb923e31a686",
                "identity_store_id": "d-9067bba52f"
              },
              {
                "description": "Admin rights to log archive account",
                "display_name": "AWSLogArchiveAdmins",
                "external_ids": null,
                "group_id": "d4686448-e051-70f1-dd88-11389db3ed61",
                "identity_store_id": "d-9067bba52f"
              },
              {
                "description": "People with Fill AWS Admin abilities (except root account)",
                "display_name": "AWSAdmins",
                "external_ids": null,
                "group_id": "64784438-c021-707b-54cb-521eadddb4dc",
                "identity_store_id": "d-9067bba52f"
              },
              {
                "description": "Admin rights to account factory in AWS Service Catalog",
                "display_name": "AWSServiceCatalogAdmins",
                "external_ids": null,
                "group_id": "8418b4b8-9041-702f-2c34-4b5065b09780",
                "identity_store_id": "d-9067bba52f"
              },
              {
                "description": "Admin rights to cross-account audit account",
                "display_name": "AWSAuditAccountAdmins",
                "external_ids": null,
                "group_id": "94087428-c081-7082-12e2-980307e43694",
                "identity_store_id": "d-9067bba52f"
              },
              {
                "description": "AWS Billing Admin Group",
                "display_name": "AWSBillingAdmin",
                "external_ids": null,
                "group_id": "5458e4e8-10d1-7062-c62e-371211de288e",
                "identity_store_id": "d-9067bba52f"
              },
              {
                "description": "AWS Power Users Group -- people who have all but IAM altering permissions",
                "display_name": "AWSPowerUsers",
                "external_ids": null,
                "group_id": "a44824a8-f001-70ff-1f8b-cabf1e373ff9",
                "identity_store_id": "d-9067bba52f"
              },
              {
                "description": "Admin rights to AWS Control Tower core and provisioned accounts",
                "display_name": "AWSControlTowerAdmins",
                "external_ids": null,
                "group_id": "94c88458-c0e1-7094-bc22-114d76bd7189",
                "identity_store_id": "d-9067bba52f"
              }
            ],
            "identity_store_id": "d-9067bba52f"
          },
          "sensitive_attributes": []
        }
      ]
    },
    {
      "mode": "data",
      "type": "aws_ssoadmin_instances",
      "name": "instances",
      "provider": "provider[\"registry.terraform.io/hashicorp/aws\"].root",
      "instances": [
        {
          "schema_version": 0,
          "attributes": {
            "arns": [
              "arn:aws:sso:::instance/ssoins-7223d560d3e30215"
            ],
            "id": "us-east-1",
            "identity_store_ids": [
              "d-9067bba52f"
            ]
          },
          "sensitive_attributes": []
        }
      ]
    },
    {
      "mode": "managed",
      "type": "aws_iam_policy",
      "name": "sops_kms_policy",
      "provider": "provider[\"registry.terraform.io/hashicorp/aws\"]",
      "instances": [
        {
          "schema_version": 0,
          "attributes": {
            "arn": "arn:aws:iam::885015629014:policy/KMSDecryptPolicy",
            "attachment_count": 1,
            "description": "Policy to allow KMS decrypt operations",
            "id": "arn:aws:iam::885015629014:policy/KMSDecryptPolicy",
            "name": "KMSDecryptPolicy",
            "name_prefix": "",
            "path": "/",
            "policy": "{\"Statement\":[{\"Action\":[\"kms:Decrypt\"],\"Effect\":\"Allow\",\"Resource\":[\"arn:aws:kms:us-east-2:885015629014:key/298bb098-358c-4429-ab7a-125ca91e9c1d\",\"arn:aws:kms:us-east-2:885015629014:key/7d8da618-748f-4511-9740-e8e4079747a5\"]}],\"Version\":\"2012-10-17\"}",
            "policy_id": "ANPA44DYKZTLP7LOO6MYK",
            "tags": {},
            "tags_all": {
              "Name": "tf-tests"
            }
          },
          "sensitive_attributes": [],
          "private": "bnVsbA==",
          "dependencies": [
            "aws_kms_key.key",
            "data.aws_caller_identity.current",
            "data.aws_iam_roles.admin"
          ]
        }
      ]
    },
    {
      "mode": "managed",
      "type": "aws_iam_role",
      "name": "sops_kms_role",
      "provider": "provider[\"registry.terraform.io/hashicorp/aws\"]",
      "instances": [
        {
          "schema_version": 0,
          "attributes": {
            "arn": "arn:aws:iam::885015629014:role/KMSDecryptRole",
            "assume_role_policy": "{\"Statement\":[{\"Action\":\"sts:AssumeRole\",\"Effect\":\"Allow\",\"Principal\":{\"AWS\":\"arn:aws:iam::885015629014:role/aws-reserved/sso.amazonaws.com/AWSReservedSSO_AWSAdministratorAccess_377b9231c1045730\"}}],\"Version\":\"2012-10-17\"}",
            "create_date": "2024-05-31T00:47:02Z",
            "description": "",
            "force_detach_policies": false,
            "id": "KMSDecryptRole",
            "inline_policy": [],
            "managed_policy_arns": [
              "arn:aws:iam::885015629014:policy/KMSDecryptPolicy"
            ],
            "max_session_duration": 3600,
            "name": "KMSDecryptRole",
            "name_prefix": "",
            "path": "/",
            "permissions_boundary": "",
            "tags": {},
            "tags_all": {
              "Name": "tf-tests"
            },
            "unique_id": "AROA44DYKZTLJTY5JFTBN"
          },
          "sensitive_attributes": [],
          "private": "bnVsbA==",
          "dependencies": [
            "data.aws_caller_identity.current"
          ]
        }
      ]
    },
    {
      "mode": "managed",
      "type": "aws_iam_role_policy_attachment",
      "name": "sops_kms_role_attachment",
      "provider": "provider[\"registry.terraform.io/hashicorp/aws\"]",
      "instances": [
        {
          "schema_version": 0,
          "attributes": {
            "id": "KMSDecryptRole-20240531004716601000000001",
            "policy_arn": "arn:aws:iam::885015629014:policy/KMSDecryptPolicy",
            "role": "KMSDecryptRole"
          },
          "sensitive_attributes": [],
          "private": "bnVsbA==",
          "dependencies": [
            "aws_iam_policy.sops_kms_policy",
            "aws_iam_role.sops_kms_role",
            "aws_kms_key.key",
            "data.aws_caller_identity.current",
            "data.aws_iam_roles.admin"
          ]
        }
      ]
    },
    {
      "mode": "managed",
      "type": "aws_kms_alias",
      "name": "key",
      "provider": "provider[\"registry.terraform.io/hashicorp/aws\"]",
      "instances": [
        {
          "schema_version": 0,
          "attributes": {
            "arn": "arn:aws:kms:us-east-2:885015629014:alias/tf-tests",
            "id": "alias/tf-tests",
            "name": "alias/tf-tests",
            "name_prefix": "",
            "target_key_arn": "arn:aws:kms:us-east-2:885015629014:key/7d8da618-748f-4511-9740-e8e4079747a5",
            "target_key_id": "7d8da618-748f-4511-9740-e8e4079747a5"
          },
          "sensitive_attributes": [],
          "private": "bnVsbA==",
          "dependencies": [
            "aws_kms_key.key",
            "data.aws_caller_identity.current",
            "data.aws_iam_roles.admin"
          ]
        }
      ]
    },
    {
      "mode": "managed",
      "type": "aws_kms_key",
      "name": "key",
      "provider": "provider[\"registry.terraform.io/hashicorp/aws\"]",
      "instances": [
        {
          "schema_version": 0,
          "attributes": {
            "arn": "arn:aws:kms:us-east-2:885015629014:key/7d8da618-748f-4511-9740-e8e4079747a5",
            "bypass_policy_lockout_safety_check": false,
            "custom_key_store_id": "",
            "customer_master_key_spec": "SYMMETRIC_DEFAULT",
            "deletion_window_in_days": 10,
            "description": "KMS key to encrypt and decrypt",
            "enable_key_rotation": false,
            "id": "7d8da618-748f-4511-9740-e8e4079747a5",
            "is_enabled": true,
            "key_id": "7d8da618-748f-4511-9740-e8e4079747a5",
            "key_usage": "ENCRYPT_DECRYPT",
            "multi_region": false,
            "policy": "{\"Statement\":[{\"Action\":\"kms:*\",\"Effect\":\"Allow\",\"Principal\":{\"AWS\":[\"arn:aws:iam::885015629014:root\",\"arn:aws:sts::885015629014:assumed-role/AWSReservedSSO_AWSAdministratorAccess_377b9231c1045730/elio@sre.is\",\"arn:aws:sts::885015629014:assumed-role/AWSReservedSSO_AWSAdministratorAccess_377b9231c1045730/josebiro@sre.is\",\"arn:aws:sts::885015629014:assumed-role/AWSReservedSSO_AWSAdministratorAccess_377b9231c1045730/tdeburca@sre.is\"]},\"Resource\":\"*\",\"Sid\":\"Enable IAM User Permissions\"},{\"Action\":[\"kms:Encrypt\",\"kms:Decrypt\",\"kms:ReEncrypt*\",\"kms:GenerateDataKey*\",\"kms:DescribeKey\"],\"Effect\":\"Allow\",\"Principal\":{\"AWS\":[\"arn:aws:iam::885015629014:role/KMSDecryptRole\",\"arn:aws:sts::885015629014:assumed-role/AWSReservedSSO_AWSAdministratorAccess_377b9231c1045730/caio@sre.is\",\"arn:aws:sts::885015629014:assumed-role/AWSReservedSSO_AWSAdministratorAccess_377b9231c1045730/elio@sre.is\",\"arn:aws:sts::885015629014:assumed-role/AWSReservedSSO_AWSAdministratorAccess_377b9231c1045730/joao@sre.is\",\"arn:aws:sts::885015629014:assumed-role/AWSReservedSSO_AWSAdministratorAccess_377b9231c1045730/josebiro@sre.is\",\"arn:aws:sts::885015629014:assumed-role/AWSReservedSSO_AWSAdministratorAccess_377b9231c1045730/justin.abrahms@sre.is\",\"arn:aws:sts::885015629014:assumed-role/AWSReservedSSO_AWSAdministratorAccess_377b9231c1045730/laura@sre.is\",\"arn:aws:sts::885015629014:assumed-role/AWSReservedSSO_AWSAdministratorAccess_377b9231c1045730/miguel@sre.is\",\"arn:aws:sts::885015629014:assumed-role/AWSReservedSSO_AWSAdministratorAccess_377b9231c1045730/nathan.barlow@sre.is\",\"arn:aws:sts::885015629014:assumed-role/AWSReservedSSO_AWSAdministratorAccess_377b9231c1045730/niallm@sre.is\"]},\"Resource\":\"*\",\"Sid\":\"Allow use of the key\"}],\"Version\":\"2012-10-17\"}",
            "rotation_period_in_days": 0,
            "tags": {},
            "tags_all": {
              "Name": "tf-tests"
            },
            "timeouts": null,
            "xks_key_id": ""
          },
          "sensitive_attributes": [],
          "private": "eyJlMmJmYjczMC1lY2FhLTExZTYtOGY4OC0zNDM2M2JjN2M0YzAiOnsiY3JlYXRlIjoxMjAwMDAwMDAwMDB9fQ==",
          "dependencies": [
            "data.aws_caller_identity.current",
            "data.aws_iam_roles.admin"
          ]
        }
      ]
    },
    {
      "mode": "managed",
      "type": "null_resource",
      "name": "get_aws_sso_users_by_groups",
      "provider": "provider[\"registry.terraform.io/hashicorp/null\"]",
      "instances": [
        {
          "schema_version": 0,
          "attributes": {
            "id": "5682365150392290672",
            "triggers": {
              "uuid": "b6eed6e8-463c-e12b-17b7-25a764882469"
            }
          },
          "sensitive_attributes": []
        }
      ]
    }
  ],
  "check_results": null
}
